// !$*UTF8*$!
{
	archiveVersion = 1;
	classes = {
	};
	objectVersion = 46;
	objects = {

/* Begin PBXBuildFile section */
		BF66002C1BDE2D01000B1036 /* main.m in Sources */ = {isa = PBXBuildFile; fileRef = BF66002B1BDE2D01000B1036 /* main.m */; };
		BF66002F1BDE2D01000B1036 /* AppDelegate.m in Sources */ = {isa = PBXBuildFile; fileRef = BF66002E1BDE2D01000B1036 /* AppDelegate.m */; };
		BF6600321BDE2D01000B1036 /* ViewController.m in Sources */ = {isa = PBXBuildFile; fileRef = BF6600311BDE2D01000B1036 /* ViewController.m */; };
		BF6600351BDE2D01000B1036 /* Main.storyboard in Resources */ = {isa = PBXBuildFile; fileRef = BF6600331BDE2D01000B1036 /* Main.storyboard */; };
		BF6600371BDE2D01000B1036 /* Assets.xcassets in Resources */ = {isa = PBXBuildFile; fileRef = BF6600361BDE2D01000B1036 /* Assets.xcassets */; };
		BF66003A1BDE2D01000B1036 /* LaunchScreen.storyboard in Resources */ = {isa = PBXBuildFile; fileRef = BF6600381BDE2D01000B1036 /* LaunchScreen.storyboard */; };
		BF6600421BDE2D24000B1036 /* CoreMotion.framework in Frameworks */ = {isa = PBXBuildFile; fileRef = BF6600411BDE2D24000B1036 /* CoreMotion.framework */; };
		BF6600441BDE2D2F000B1036 /* tagshop.png in Resources */ = {isa = PBXBuildFile; fileRef = BF6600431BDE2D2F000B1036 /* tagshop.png */; settings = {ASSET_TAGS = (); }; };
/* End PBXBuildFile section */

/* Begin PBXFileReference section */
		BF6600271BDE2D01000B1036 /* TAGravityAnimation.app */ = {isa = PBXFileReference; explicitFileType = wrapper.application; includeInIndex = 0; path = TAGravityAnimation.app; sourceTree = BUILT_PRODUCTS_DIR; };
		BF66002B1BDE2D01000B1036 /* main.m */ = {isa = PBXFileReference; lastKnownFileType = sourcecode.c.objc; path = main.m; sourceTree = "<group>"; };
		BF66002D1BDE2D01000B1036 /* AppDelegate.h */ = {isa = PBXFileReference; lastKnownFileType = sourcecode.c.h; path = AppDelegate.h; sourceTree = "<group>"; };
		BF66002E1BDE2D01000B1036 /* AppDelegate.m */ = {isa = PBXFileReference; lastKnownFileType = sourcecode.c.objc; path = AppDelegate.m; sourceTree = "<group>"; };
		BF6600301BDE2D01000B1036 /* ViewController.h */ = {isa = PBXFileReference; lastKnownFileType = sourcecode.c.h; path = ViewController.h; sourceTree = "<group>"; };
		BF6600311BDE2D01000B1036 /* ViewController.m */ = {isa = PBXFileReference; lastKnownFileType = sourcecode.c.objc; path = ViewController.m; sourceTree = "<group>"; };
		BF6600341BDE2D01000B1036 /* Base */ = {isa = PBXFileReference; lastKnownFileType = file.storyboard; name = Base; path = Base.lproj/Main.storyboard; sourceTree = "<group>"; };
		BF6600361BDE2D01000B1036 /* Assets.xcassets */ = {isa = PBXFileReference; lastKnownFileType = folder.assetcatalog; path = Assets.xcassets; sourceTree = "<group>"; };
		BF6600391BDE2D01000B1036 /* Base */ = {isa = PBXFileReference; lastKnownFileType = file.storyboard; name = Base; path = Base.lproj/LaunchScreen.storyboard; sourceTree = "<group>"; };
		BF66003B1BDE2D01000B1036 /* Info.plist */ = {isa = PBXFileReference; lastKnownFileType = text.plist.xml; path = Info.plist; sourceTree = "<group>"; };
		BF6600411BDE2D24000B1036 /* CoreMotion.framework */ = {isa = PBXFileReference; lastKnownFileType = wrapper.framework; name = CoreMotion.framework; path = System/Library/Frameworks/CoreMotion.framework; sourceTree = SDKROOT; };
		BF6600431BDE2D2F000B1036 /* tagshop.png */ = {isa = PBXFileReference; lastKnownFileType = image.png; name = tagshop.png; path = ../../../../Downloads/AnimationDemo/AnimationDemo/tagshop.png; sourceTree = "<group>"; };
/* End PBXFileReference section */

/* Begin PBXFrameworksBuildPhase section */
		BF6600241BDE2D01000B1036 /* Frameworks */ = {
			isa = PBXFrameworksBuildPhase;
			buildActionMask = 2147483647;
			files = (
				BF6600421BDE2D24000B1036 /* CoreMotion.framework in Frameworks */,
			);
			runOnlyForDeploymentPostprocessing = 0;
		};
/* End PBXFrameworksBuildPhase section */

/* Begin PBXGroup section */
		BF66001E1BDE2D01000B1036 = {
			isa = PBXGroup;
			children = (
				BF6600411BDE2D24000B1036 /* CoreMotion.framework */,
				BF6600291BDE2D01000B1036 /* TAGravityAnimation */,
				BF6600281BDE2D01000B1036 /* Products */,
			);
			sourceTree = "<group>";
		};
		BF6600281BDE2D01000B1036 /* Products */ = {
			isa = PBXGroup;
			children = (
				BF6600271BDE2D01000B1036 /* TAGravityAnimation.app */,
			);
			name = Products;
			sourceTree = "<group>";
		};
		BF6600291BDE2D01000B1036 /* TAGravityAnimation */ = {
			isa = PBXGroup;
			children = (
				BF6600431BDE2D2F000B1036 /* tagshop.png */,
				BF66002D1BDE2D01000B1036 /* AppDelegate.h */,
				BF66002E1BDE2D01000B1036 /* AppDelegate.m */,
				BF6600301BDE2D01000B1036 /* ViewController.h */,
				BF6600311BDE2D01000B1036 /* ViewController.m */,
				BF6600331BDE2D01000B1036 /* Main.storyboard */,
				BF6600361BDE2D01000B1036 /* Assets.xcassets */,
				BF6600381BDE2D01000B1036 /* LaunchScreen.storyboard */,
				BF66003B1BDE2D01000B1036 /* Info.plist */,
				BF66002A1BDE2D01000B1036 /* Supporting Files */,
			);
			path = TAGravityAnimation;
			sourceTree = "<group>";
		};
		BF66002A1BDE2D01000B1036 /* Supporting Files */ = {
			isa = PBXGroup;
			children = (
				BF66002B1BDE2D01000B1036 /* main.m */,
			);
			name = "Supporting Files";
			sourceTree = "<group>";
		};
/* End PBXGroup section */

/* Begin PBXNativeTarget section */
		BF6600261BDE2D01000B1036 /* TAGravityAnimation */ = {
			isa = PBXNativeTarget;
			buildConfigurationList = BF66003E1BDE2D01000B1036 /* Build configuration list for PBXNativeTarget "TAGravityAnimation" */;
			buildPhases = (
				BF6600231BDE2D01000B1036 /* Sources */,
				BF6600241BDE2D01000B1036 /* Frameworks */,
				BF6600251BDE2D01000B1036 /* Resources */,
			);
			buildRules = (
			);
			dependencies = (
			);
			name = TAGravityAnimation;
			productName = TAGravityAnimation;
			productReference = BF6600271BDE2D01000B1036 /* TAGravityAnimation.app */;
			productType = "com.apple.product-type.application";
		};
/* End PBXNativeTarget section */

/* Begin PBXProject section */
		BF66001F1BDE2D01000B1036 /* Project object */ = {
			isa = PBXProject;
			attributes = {
				LastUpgradeCheck = 0700;
				ORGANIZATIONNAME = "Zip Lee";
				TargetAttributes = {
					BF6600261BDE2D01000B1036 = {
						CreatedOnToolsVersion = 7.0.1;
					};
				};
			};
			buildConfigurationList = BF6600221BDE2D01000B1036 /* Build configuration list for PBXProject "TAGravityAnimation" */;
			compatibilityVersion = "Xcode 3.2";
			developmentRegion = English;
			hasScannedForEncodings = 0;
			knownRegions = (
				en,
				Base,
			);
			mainGroup = BF66001E1BDE2D01000B1036;
			productRefGroup = BF6600281BDE2D01000B1036 /* Products */;
			projectDirPath = "";
			projectRoot = "";
			targets = (
				BF6600261BDE2D01000B1036 /* TAGravityAnimation */,
			);
		};
/* End PBXProject section */

/* Begin PBXResourcesBuildPhase section */
		BF6600251BDE2D01000B1036 /* Resources */ = {
			isa = PBXResourcesBuildPhase;
			buildActionMask = 2147483647;
			files = (
				BF6600441BDE2D2F000B1036 /* tagshop.png in Resources */,
				BF66003A1BDE2D01000B1036 /* LaunchScreen.storyboard in Resources */,
				BF6600371BDE2D01000B1036 /* Assets.xcassets in Resources */,
				BF6600351BDE2D01000B1036 /* Main.storyboard in Resources */,
			);
			runOnlyForDeploymentPostprocessing = 0;
		};
/* End PBXResourcesBuildPhase section */

/* Begin PBXSourcesBuildPhase section */
		BF6600231BDE2D01000B1036 /* Sources */ = {
			isa = PBXSourcesBuildPhase;
			buildActionMask = 2147483647;
			files = (
				BF6600321BDE2D01000B1036 /* ViewController.m in Sources */,
				BF66002F1BDE2D01000B1036 /* AppDelegate.m in Sources */,
				BF66002C1BDE2D01000B1036 /* main.m in Sources */,
			);
			runOnlyForDeploymentPostprocessing = 0;
		};
/* End PBXSourcesBuildPhase section */

/* Begin PBXVariantGroup section */
		BF6600331BDE2D01000B1036 /* Main.storyboard */ = {
			isa = PBXVariantGroup;
			children = (
				BF6600341BDE2D01000B1036 /* Base */,
			);
			name = Main.storyboard;
			sourceTree = "<group>";
		};
		BF6600381BDE2D01000B1036 /* LaunchScreen.storyboard */ = {
			isa = PBXVariantGroup;
			children = (
				BF6600391BDE2D01000B1036 /* Base */,
			);
			name = LaunchScreen.storyboard;
			sourceTree = "<group>";
		};
/* End PBXVariantGroup section */

/* Begin XCBuildConfiguration section */
		BF66003C1BDE2D01000B1036 /* Debug */ = {
			isa = XCBuildConfiguration;
			buildSettings = {
				ALWAYS_SEARCH_USER_PATHS = NO;
				CLANG_CXX_LANGUAGE_STANDARD = "gnu++0x";
				CLANG_CXX_LIBRARY = "libc++";
				CLANG_ENABLE_MODULES = YES;
				CLANG_ENABLE_OBJC_ARC = YES;
				CLANG_WARN_BOOL_CONVERSION = YES;
				CLANG_WARN_CONSTANT_CONVERSION = YES;
				CLANG_WARN_DIRECT_OBJC_ISA_USAGE = YES_ERROR;
				CLANG_WARN_EMPTY_BODY = YES;
				CLANG_WARN_ENUM_CONVERSION = YES;
				CLANG_WARN_INT_CONVERSION = YES;
				CLANG_WARN_OBJC_ROOT_CLASS = YES_ERROR;
				CLANG_WARN_UNREACHABLE_CODE = YES;
				CLANG_WARN__DUPLICATE_METHOD_MATCH = YES;
				"CODE_SIGN_IDENTITY[sdk=iphoneos*]" = "iPhone Developer";
				COPY_PHASE_STRIP = NO;
				DEBUG_INFORMATION_FORMAT = dwarf;
				ENABLE_STRICT_OBJC_MSGSEND = YES;
				ENABLE_TESTABILITY = YES;
				GCC_C_LANGUAGE_STANDARD = gnu99;
				GCC_DYNAMIC_NO_PIC = NO;
				GCC_NO_COMMON_BLOCKS = YES;
				GCC_OPTIMIZATION_LEVEL = 0;
				GCC_PREPROCESSOR_DEFINITIONS = (
					"DEBUG=1",
					"$(inherited)",
				);
				GCC_WARN_64_TO_32_BIT_CONVERSION = YES;
				GCC_WARN_ABOUT_RETURN_TYPE = YES_ERROR;
				GCC_WARN_UNDECLARED_SELECTOR = YES;
				GCC_WARN_UNINITIALIZED_AUTOS = YES_AGGRESSIVE;
				GCC_WARN_UNUSED_FUNCTION = YES;
				GCC_WARN_UNUSED_VARIABLE = YES;
				IPHONEOS_DEPLOYMENT_TARGET = 9.0;
				MTL_ENABLE_DEBUG_INFO = YES;
				ONLY_ACTIVE_ARCH = YES;
				SDKROOT = iphoneos;
			};
			name = Debug;
		};
		BF66003D1BDE2D01000B1036 /* Release */ = {
			isa = XCBuildConfiguration;
			buildSettings = {
				ALWAYS_SEARCH_USER_PATHS = NO;
				CLANG_CXX_LANGUAGE_STANDARD = "gnu++0x";
				CLANG_CXX_LIBRARY = "libc++";
				CLANG_ENABLE_MODULES = YES;
				CLANG_ENABLE_OBJC_ARC = YES;
				CLANG_WARN_BOOL_CONVERSION = YES;
				CLANG_WARN_CONSTANT_CONVERSION = YES;
				CLANG_WARN_DIRECT_OBJC_ISA_USAGE = YES_ERROR;
				CLANG_WARN_EMPTY_BODY = YES;
				CLANG_WARN_ENUM_CONVERSION = YES;
				CLANG_WARN_INT_CONVERSION = YES;
				CLANG_WARN_OBJC_ROOT_CLASS = YES_ERROR;
				CLANG_WARN_UNREACHABLE_CODE = YES;
				CLANG_WARN__DUPLICATE_METHOD_MATCH = YES;
				"CODE_SIGN_IDENTITY[sdk=iphoneos*]" = "iPhone Developer";
				COPY_PHASE_STRIP = NO;
				DEBUG_INFORMATION_FORMAT = "dwarf-with-dsym";
				ENABLE_NS_ASSERTIONS = NO;
				ENABLE_STRICT_OBJC_MSGSEND = YES;
				GCC_C_LANGUAGE_STANDARD = gnu99;
				GCC_NO_COMMON_BLOCKS = YES;
				GCC_WARN_64_TO_32_BIT_CONVERSION = YES;
				GCC_WARN_ABOUT_RETURN_TYPE = YES_ERROR;
				GCC_WARN_UNDECLARED_SELECTOR = YES;
				GCC_WARN_UNINITIALIZED_AUTOS = YES_AGGRESSIVE;
				GCC_WARN_UNUSED_FUNCTION = YES;
				GCC_WARN_UNUSED_VARIABLE = YES;
				IPHONEOS_DEPLOYMENT_TARGET = 9.0;
				MTL_ENABLE_DEBUG_INFO = NO;
				SDKROOT = iphoneos;
				VALIDATE_PRODUCT = YES;
			};
			name = Release;
		};
		BF66003F1BDE2D01000B1036 /* Debug */ = {
			isa = XCBuildConfiguration;
			buildSettings = {
				ASSETCATALOG_COMPILER_APPICON_NAME = AppIcon;
				INFOPLIST_FILE = TAGravityAnimation/Info.plist;
				LD_RUNPATH_SEARCH_PATHS = "$(inherited) @executable_path/Frameworks";
				PRODUCT_BUNDLE_IDENTIFIER = ziip.TAGravityAnimation;
				PRODUCT_NAME = "$(TARGET_NAME)";
			};
			name = Debug;
		};
		BF6600401BDE2D01000B1036 /* Release */ = {
			isa = XCBuildConfiguration;
			buildSettings = {
				ASSETCATALOG_COMPILER_APPICON_NAME = AppIcon;
				INFOPLIST_FILE = TAGravityAnimation/Info.plist;
				LD_RUNPATH_SEARCH_PATHS = "$(inherited) @executable_path/Frameworks";
				PRODUCT_BUNDLE_IDENTIFIER = ziip.TAGravityAnimation;
				PRODUCT_NAME = "$(TARGET_NAME)";
			};
			name = Release;
		};
/* End XCBuildConfiguration section */

/* Begin XCConfigurationList section */
		BF6600221BDE2D01000B1036 /* Build configuration list for PBXProject "TAGravityAnimation" */ = {
			isa = XCConfigurationList;
			buildConfigurations = (
				BF66003C1BDE2D01000B1036 /* Debug */,
				BF66003D1BDE2D01000B1036 /* Release */,
			);
			defaultConfigurationIsVisible = 0;
			defaultConfigurationName = Release;
		};
		BF66003E1BDE2D01000B1036 /* Build configuration list for PBXNativeTarget "TAGravityAnimation" */ = {
			isa = XCConfigurationList;
			buildConfigurations = (
				BF66003F1BDE2D01000B1036 /* Debug */,
				BF6600401BDE2D01000B1036 /* Release */,
			);
			defaultConfigurationIsVisible = 0;
		};
/* End XCConfigurationList section */
	};
	rootObject = BF66001F1BDE2D01000B1036 /* Project object */;
}
